
Microsoft Visual Studio Solution File, Format Version 12.00
# Visual Studio Version 16
VisualStudioVersion = 16.0.810.14
MinimumVisualStudioVersion = 10.0.40219.1
Project("{FAE04EC0-301F-11D3-BF4B-00C04F79EFBC}") = "WebApplicationBackend", "WebApplicationBackend\WebApplicationBackend.csproj", "{F7268CEA-824E-490D-816E-8098995DD16B}"
EndProject
Global
	GlobalSection(SolutionConfigurationPlatforms) = preSolution
		Debug|Any CPU = Debug|Any CPU
		Release|Any CPU = Release|Any CPU
	EndGlobalSection
	GlobalSection(ProjectConfigurationPlatforms) = postSolution
		{F7268CEA-824E-490D-816E-8098995DD16B}.Debug|Any CPU.ActiveCfg = Debug|Any CPU
		{F7268CEA-824E-490D-816E-8098995DD16B}.Debug|Any CPU.Build.0 = Debug|Any CPU
		{F7268CEA-824E-490D-816E-8098995DD16B}.Release|Any CPU.ActiveCfg = Release|Any CPU
		{F7268CEA-824E-490D-816E-8098995DD16B}.Release|Any CPU.Build.0 = Release|Any CPU
	EndGlobalSection
	GlobalSection(SolutionProperties) = preSolution
		HideSolutionNode = FALSE
	EndGlobalSection
	GlobalSection(ExtensibilityGlobals) = postSolution
		SolutionGuid = {D0C41C05-AA65-4903-A7AE-C7FD475B3DD2}
	EndGlobalSection
EndGlobal
